
Microsoft Visual Studio Solution File, Format Version 11.00
# Visual Studio 2010
Project("{FAE04EC0-301F-11D3-BF4B-00C04F79EFBC}") = "Assembly-CSharp", "Assembly-CSharp.csproj", "{dd2e7958-ef87-c9bf-c862-28b19bc7fb87}"
EndProject
Project("{FAE04EC0-301F-11D3-BF4B-00C04F79EFBC}") = "Assembly-CSharp-firstpass", "Assembly-CSharp-firstpass.csproj", "{e13789b2-9984-e98e-f83a-d45dbdad3dd5}"
EndProject
Global
	GlobalSection(SolutionConfigurationPlatforms) = preSolution
		Debug|Any CPU = Debug|Any CPU
		Release|Any CPU = Release|Any CPU
	EndGlobalSection
	GlobalSection(ProjectConfigurationPlatforms) = postSolution
		{dd2e7958-ef87-c9bf-c862-28b19bc7fb87}.Debug|Any CPU.ActiveCfg = Debug|Any CPU
		{dd2e7958-ef87-c9bf-c862-28b19bc7fb87}.Debug|Any CPU.Build.0 = Debug|Any CPU
		{dd2e7958-ef87-c9bf-c862-28b19bc7fb87}.Release|Any CPU.ActiveCfg = Release|Any CPU
		{dd2e7958-ef87-c9bf-c862-28b19bc7fb87}.Release|Any CPU.Build.0 = Release|Any CPU
		{e13789b2-9984-e98e-f83a-d45dbdad3dd5}.Debug|Any CPU.ActiveCfg = Debug|Any CPU
		{e13789b2-9984-e98e-f83a-d45dbdad3dd5}.Debug|Any CPU.Build.0 = Debug|Any CPU
		{e13789b2-9984-e98e-f83a-d45dbdad3dd5}.Release|Any CPU.ActiveCfg = Release|Any CPU
		{e13789b2-9984-e98e-f83a-d45dbdad3dd5}.Release|Any CPU.Build.0 = Release|Any CPU
	EndGlobalSection
	GlobalSection(SolutionProperties) = preSolution
		HideSolutionNode = FALSE
	EndGlobalSection
EndGlobal
